// !$*UTF8*$!
{
	archiveVersion = 1;
	classes = {
	};
	objectVersion = 48;
	objects = {

/* Begin PBXBuildFile section */
		412E564520755BCA00935169 /* Place.swift in Sources */ = {isa = PBXBuildFile; fileRef = 412E564420755BCA00935169 /* Place.swift */; };
		41A5D2352064293300DB49A0 /* AppDelegate.swift in Sources */ = {isa = PBXBuildFile; fileRef = 41A5D2342064293300DB49A0 /* AppDelegate.swift */; };
		41A5D2372064293300DB49A0 /* ViewController.swift in Sources */ = {isa = PBXBuildFile; fileRef = 41A5D2362064293300DB49A0 /* ViewController.swift */; };
		41A5D23A2064293300DB49A0 /* Main.storyboard in Resources */ = {isa = PBXBuildFile; fileRef = 41A5D2382064293300DB49A0 /* Main.storyboard */; };
		41A5D23C2064293300DB49A0 /* Assets.xcassets in Resources */ = {isa = PBXBuildFile; fileRef = 41A5D23B2064293300DB49A0 /* Assets.xcassets */; };
		41A5D23F2064293300DB49A0 /* LaunchScreen.storyboard in Resources */ = {isa = PBXBuildFile; fileRef = 41A5D23D2064293300DB49A0 /* LaunchScreen.storyboard */; };
		41A5D2472064298400DB49A0 /* MapViewController.swift in Sources */ = {isa = PBXBuildFile; fileRef = 41A5D2462064298400DB49A0 /* MapViewController.swift */; };
/* End PBXBuildFile section */

/* Begin PBXFileReference section */
		412E564420755BCA00935169 /* Place.swift */ = {isa = PBXFileReference; lastKnownFileType = sourcecode.swift; path = Place.swift; sourceTree = "<group>"; };
		41A5D2312064293300DB49A0 /* MemorablePlaces.app */ = {isa = PBXFileReference; explicitFileType = wrapper.application; includeInIndex = 0; path = MemorablePlaces.app; sourceTree = BUILT_PRODUCTS_DIR; };
		41A5D2342064293300DB49A0 /* AppDelegate.swift */ = {isa = PBXFileReference; lastKnownFileType = sourcecode.swift; path = AppDelegate.swift; sourceTree = "<group>"; };
		41A5D2362064293300DB49A0 /* ViewController.swift */ = {isa = PBXFileReference; lastKnownFileType = sourcecode.swift; path = ViewController.swift; sourceTree = "<group>"; };
		41A5D2392064293300DB49A0 /* Base */ = {isa = PBXFileReference; lastKnownFileType = file.storyboard; name = Base; path = Base.lproj/Main.storyboard; sourceTree = "<group>"; };
		41A5D23B2064293300DB49A0 /* Assets.xcassets */ = {isa = PBXFileReference; lastKnownFileType = folder.assetcatalog; path = Assets.xcassets; sourceTree = "<group>"; };
		41A5D23E2064293300DB49A0 /* Base */ = {isa = PBXFileReference; lastKnownFileType = file.storyboard; name = Base; path = Base.lproj/LaunchScreen.storyboard; sourceTree = "<group>"; };
		41A5D2402064293300DB49A0 /* Info.plist */ = {isa = PBXFileReference; lastKnownFileType = text.plist.xml; path = Info.plist; sourceTree = "<group>"; };
		41A5D2462064298400DB49A0 /* MapViewController.swift */ = {isa = PBXFileReference; lastKnownFileType = sourcecode.swift; path = MapViewController.swift; sourceTree = "<group>"; };
/* End PBXFileReference section */

/* Begin PBXFrameworksBuildPhase section */
		41A5D22E2064293300DB49A0 /* Frameworks */ = {
			isa = PBXFrameworksBuildPhase;
			buildActionMask = 2147483647;
			files = (
			);
			runOnlyForDeploymentPostprocessing = 0;
		};
/* End PBXFrameworksBuildPhase section */

/* Begin PBXGroup section */
		41A5D2282064293300DB49A0 = {
			isa = PBXGroup;
			children = (
				41A5D2332064293300DB49A0 /* MemorablePlaces */,
				41A5D2322064293300DB49A0 /* Products */,
			);
			sourceTree = "<group>";
		};
		41A5D2322064293300DB49A0 /* Products */ = {
			isa = PBXGroup;
			children = (
				41A5D2312064293300DB49A0 /* MemorablePlaces.app */,
			);
			name = Products;
			sourceTree = "<group>";
		};
		41A5D2332064293300DB49A0 /* MemorablePlaces */ = {
			isa = PBXGroup;
			children = (
				41A5D2342064293300DB49A0 /* AppDelegate.swift */,
				41A5D2362064293300DB49A0 /* ViewController.swift */,
				412E564420755BCA00935169 /* Place.swift */,
				41A5D2462064298400DB49A0 /* MapViewController.swift */,
				41A5D2382064293300DB49A0 /* Main.storyboard */,
				41A5D23B2064293300DB49A0 /* Assets.xcassets */,
				41A5D23D2064293300DB49A0 /* LaunchScreen.storyboard */,
				41A5D2402064293300DB49A0 /* Info.plist */,
			);
			path = MemorablePlaces;
			sourceTree = "<group>";
		};
/* End PBXGroup section */

/* Begin PBXNativeTarget section */
		41A5D2302064293300DB49A0 /* MemorablePlaces */ = {
			isa = PBXNativeTarget;
			buildConfigurationList = 41A5D2432064293300DB49A0 /* Build configuration list for PBXNativeTarget "MemorablePlaces" */;
			buildPhases = (
				41A5D22D2064293300DB49A0 /* Sources */,
				41A5D22E2064293300DB49A0 /* Frameworks */,
				41A5D22F2064293300DB49A0 /* Resources */,
			);
			buildRules = (
			);
			dependencies = (
			);
			name = MemorablePlaces;
			productName = MemorablePlaces;
			productReference = 41A5D2312064293300DB49A0 /* MemorablePlaces.app */;
			productType = "com.apple.product-type.application";
		};
/* End PBXNativeTarget section */

/* Begin PBXProject section */
		41A5D2292064293300DB49A0 /* Project object */ = {
			isa = PBXProject;
			attributes = {
				LastSwiftUpdateCheck = 0920;
				LastUpgradeCheck = 0920;
				ORGANIZATIONNAME = Alexhenri;
				TargetAttributes = {
					41A5D2302064293300DB49A0 = {
						CreatedOnToolsVersion = 9.2;
						ProvisioningStyle = Automatic;
					};
				};
			};
			buildConfigurationList = 41A5D22C2064293300DB49A0 /* Build configuration list for PBXProject "MemorablePlaces" */;
			compatibilityVersion = "Xcode 8.0";
			developmentRegion = en;
			hasScannedForEncodings = 0;
			knownRegions = (
				en,
				Base,
			);
			mainGroup = 41A5D2282064293300DB49A0;
			productRefGroup = 41A5D2322064293300DB49A0 /* Products */;
			projectDirPath = "";
			projectRoot = "";
			targets = (
				41A5D2302064293300DB49A0 /* MemorablePlaces */,
			);
		};
/* End PBXProject section */

/* Begin PBXResourcesBuildPhase section */
		41A5D22F2064293300DB49A0 /* Resources */ = {
			isa = PBXResourcesBuildPhase;
			buildActionMask = 2147483647;
			files = (
				41A5D23F2064293300DB49A0 /* LaunchScreen.storyboard in Resources */,
				41A5D23C2064293300DB49A0 /* Assets.xcassets in Resources */,
				41A5D23A2064293300DB49A0 /* Main.storyboard in Resources */,
			);
			runOnlyForDeploymentPostprocessing = 0;
		};
/* End PBXResourcesBuildPhase section */

/* Begin PBXSourcesBuildPhase section */
		41A5D22D2064293300DB49A0 /* Sources */ = {
			isa = PBXSourcesBuildPhase;
			buildActionMask = 2147483647;
			files = (
				41A5D2372064293300DB49A0 /* ViewController.swift in Sources */,
				41A5D2472064298400DB49A0 /* MapViewController.swift in Sources */,
				41A5D2352064293300DB49A0 /* AppDelegate.swift in Sources */,
				412E564520755BCA00935169 /* Place.swift in Sources */,
			);
			runOnlyForDeploymentPostprocessing = 0;
		};
/* End PBXSourcesBuildPhase section */

/* Begin PBXVariantGroup section */
		41A5D2382064293300DB49A0 /* Main.storyboard */ = {
			isa = PBXVariantGroup;
			children = (
				41A5D2392064293300DB49A0 /* Base */,
			);
			name = Main.storyboard;
			sourceTree = "<group>";
		};
		41A5D23D2064293300DB49A0 /* LaunchScreen.storyboard */ = {
			isa = PBXVariantGroup;
			children = (
				41A5D23E2064293300DB49A0 /* Base */,
			);
			name = LaunchScreen.storyboard;
			sourceTree = "<group>";
		};
/* End PBXVariantGroup section */

/* Begin XCBuildConfiguration section */
		41A5D2412064293300DB49A0 /* Debug */ = {
			isa = XCBuildConfiguration;
			buildSettings = {
				ALWAYS_SEARCH_USER_PATHS = NO;
				CLANG_ANALYZER_NONNULL = YES;
				CLANG_ANALYZER_NUMBER_OBJECT_CONVERSION = YES_AGGRESSIVE;
				CLANG_CXX_LANGUAGE_STANDARD = "gnu++14";
				CLANG_CXX_LIBRARY = "libc++";
				CLANG_ENABLE_MODULES = YES;
				CLANG_ENABLE_OBJC_ARC = YES;
				CLANG_WARN_BLOCK_CAPTURE_AUTORELEASING = YES;
				CLANG_WARN_BOOL_CONVERSION = YES;
				CLANG_WARN_COMMA = YES;
				CLANG_WARN_CONSTANT_CONVERSION = YES;
				CLANG_WARN_DIRECT_OBJC_ISA_USAGE = YES_ERROR;
				CLANG_WARN_DOCUMENTATION_COMMENTS = YES;
				CLANG_WARN_EMPTY_BODY = YES;
				CLANG_WARN_ENUM_CONVERSION = YES;
				CLANG_WARN_INFINITE_RECURSION = YES;
				CLANG_WARN_INT_CONVERSION = YES;
				CLANG_WARN_NON_LITERAL_NULL_CONVERSION = YES;
				CLANG_WARN_OBJC_LITERAL_CONVERSION = YES;
				CLANG_WARN_OBJC_ROOT_CLASS = YES_ERROR;
				CLANG_WARN_RANGE_LOOP_ANALYSIS = YES;
				CLANG_WARN_STRICT_PROTOTYPES = YES;
				CLANG_WARN_SUSPICIOUS_MOVE = YES;
				CLANG_WARN_UNGUARDED_AVAILABILITY = YES_AGGRESSIVE;
				CLANG_WARN_UNREACHABLE_CODE = YES;
				CLANG_WARN__DUPLICATE_METHOD_MATCH = YES;
				CODE_SIGN_IDENTITY = "iPhone Developer";
				COPY_PHASE_STRIP = NO;
				DEBUG_INFORMATION_FORMAT = dwarf;
				ENABLE_STRICT_OBJC_MSGSEND = YES;
				ENABLE_TESTABILITY = YES;
				GCC_C_LANGUAGE_STANDARD = gnu11;
				GCC_DYNAMIC_NO_PIC = NO;
				GCC_NO_COMMON_BLOCKS = YES;
				GCC_OPTIMIZATION_LEVEL = 0;
				GCC_PREPROCESSOR_DEFINITIONS = (
					"DEBUG=1",
					"$(inherited)",
				);
				GCC_WARN_64_TO_32_BIT_CONVERSION = YES;
				GCC_WARN_ABOUT_RETURN_TYPE = YES_ERROR;
				GCC_WARN_UNDECLARED_SELECTOR = YES;
				GCC_WARN_UNINITIALIZED_AUTOS = YES_AGGRESSIVE;
				GCC_WARN_UNUSED_FUNCTION = YES;
				GCC_WARN_UNUSED_VARIABLE = YES;
				IPHONEOS_DEPLOYMENT_TARGET = 11.2;
				MTL_ENABLE_DEBUG_INFO = YES;
				ONLY_ACTIVE_ARCH = YES;
				SDKROOT = iphoneos;
				SWIFT_ACTIVE_COMPILATION_CONDITIONS = DEBUG;
				SWIFT_OPTIMIZATION_LEVEL = "-Onone";
			};
			name = Debug;
		};
		41A5D2422064293300DB49A0 /* Release */ = {
			isa = XCBuildConfiguration;
			buildSettings = {
				ALWAYS_SEARCH_USER_PATHS = NO;
				CLANG_ANALYZER_NONNULL = YES;
				CLANG_ANALYZER_NUMBER_OBJECT_CONVERSION = YES_AGGRESSIVE;
				CLANG_CXX_LANGUAGE_STANDARD = "gnu++14";
				CLANG_CXX_LIBRARY = "libc++";
				CLANG_ENABLE_MODULES = YES;
				CLANG_ENABLE_OBJC_ARC = YES;
				CLANG_WARN_BLOCK_CAPTURE_AUTORELEASING = YES;
				CLANG_WARN_BOOL_CONVERSION = YES;
				CLANG_WARN_COMMA = YES;
				CLANG_WARN_CONSTANT_CONVERSION = YES;
				CLANG_WARN_DIRECT_OBJC_ISA_USAGE = YES_ERROR;
				CLANG_WARN_DOCUMENTATION_COMMENTS = YES;
				CLANG_WARN_EMPTY_BODY = YES;
				CLANG_WARN_ENUM_CONVERSION = YES;
				CLANG_WARN_INFINITE_RECURSION = YES;
				CLANG_WARN_INT_CONVERSION = YES;
				CLANG_WARN_NON_LITERAL_NULL_CONVERSION = YES;
				CLANG_WARN_OBJC_LITERAL_CONVERSION = YES;
				CLANG_WARN_OBJC_ROOT_CLASS = YES_ERROR;
				CLANG_WARN_RANGE_LOOP_ANALYSIS = YES;
				CLANG_WARN_STRICT_PROTOTYPES = YES;
				CLANG_WARN_SUSPICIOUS_MOVE = YES;
				CLANG_WARN_UNGUARDED_AVAILABILITY = YES_AGGRESSIVE;
				CLANG_WARN_UNREACHABLE_CODE = YES;
				CLANG_WARN__DUPLICATE_METHOD_MATCH = YES;
				CODE_SIGN_IDENTITY = "iPhone Developer";
				COPY_PHASE_STRIP = NO;
				DEBUG_INFORMATION_FORMAT = "dwarf-with-dsym";
				ENABLE_NS_ASSERTIONS = NO;
				ENABLE_STRICT_OBJC_MSGSEND = YES;
				GCC_C_LANGUAGE_STANDARD = gnu11;
				GCC_NO_COMMON_BLOCKS = YES;
				GCC_WARN_64_TO_32_BIT_CONVERSION = YES;
				GCC_WARN_ABOUT_RETURN_TYPE = YES_ERROR;
				GCC_WARN_UNDECLARED_SELECTOR = YES;
				GCC_WARN_UNINITIALIZED_AUTOS = YES_AGGRESSIVE;
				GCC_WARN_UNUSED_FUNCTION = YES;
				GCC_WARN_UNUSED_VARIABLE = YES;
				IPHONEOS_DEPLOYMENT_TARGET = 11.2;
				MTL_ENABLE_DEBUG_INFO = NO;
				SDKROOT = iphoneos;
				SWIFT_OPTIMIZATION_LEVEL = "-Owholemodule";
				VALIDATE_PRODUCT = YES;
			};
			name = Release;
		};
		41A5D2442064293300DB49A0 /* Debug */ = {
			isa = XCBuildConfiguration;
			buildSettings = {
				ASSETCATALOG_COMPILER_APPICON_NAME = AppIcon;
				CODE_SIGN_STYLE = Automatic;
				INFOPLIST_FILE = MemorablePlaces/Info.plist;
				LD_RUNPATH_SEARCH_PATHS = "$(inherited) @executable_path/Frameworks";
				PRODUCT_BUNDLE_IDENTIFIER = com.alexhenri.MemorablePlaces;
				PRODUCT_NAME = "$(TARGET_NAME)";
				SWIFT_VERSION = 4.0;
				TARGETED_DEVICE_FAMILY = "1,2";
			};
			name = Debug;
		};
		41A5D2452064293300DB49A0 /* Release */ = {
			isa = XCBuildConfiguration;
			buildSettings = {
				ASSETCATALOG_COMPILER_APPICON_NAME = AppIcon;
				CODE_SIGN_STYLE = Automatic;
				INFOPLIST_FILE = MemorablePlaces/Info.plist;
				LD_RUNPATH_SEARCH_PATHS = "$(inherited) @executable_path/Frameworks";
				PRODUCT_BUNDLE_IDENTIFIER = com.alexhenri.MemorablePlaces;
				PRODUCT_NAME = "$(TARGET_NAME)";
				SWIFT_VERSION = 4.0;
				TARGETED_DEVICE_FAMILY = "1,2";
			};
			name = Release;
		};
/* End XCBuildConfiguration section */

/* Begin XCConfigurationList section */
		41A5D22C2064293300DB49A0 /* Build configuration list for PBXProject "MemorablePlaces" */ = {
			isa = XCConfigurationList;
			buildConfigurations = (
				41A5D2412064293300DB49A0 /* Debug */,
				41A5D2422064293300DB49A0 /* Release */,
			);
			defaultConfigurationIsVisible = 0;
			defaultConfigurationName = Release;
		};
		41A5D2432064293300DB49A0 /* Build configuration list for PBXNativeTarget "MemorablePlaces" */ = {
			isa = XCConfigurationList;
			buildConfigurations = (
				41A5D2442064293300DB49A0 /* Debug */,
				41A5D2452064293300DB49A0 /* Release */,
			);
			defaultConfigurationIsVisible = 0;
			defaultConfigurationName = Release;
		};
/* End XCConfigurationList section */
	};
	rootObject = 41A5D2292064293300DB49A0 /* Project object */;
}
